
Microsoft Visual Studio Solution File, Format Version 12.00
# Visual Studio Version 17
VisualStudioVersion = 17.9.34728.123
MinimumVisualStudioVersion = 10.0.40219.1
Project("{FAE04EC0-301F-11D3-BF4B-00C04F79EFBC}") = "FilePathConsole", "FilePathConsole.csproj", "{C6A4E289-6469-451F-891B-52CFFAC42BEC}"
EndProject
Global
	GlobalSection(SolutionConfigurationPlatforms) = preSolution
		Debug|Any CPU = Debug|Any CPU
		Release|Any CPU = Release|Any CPU
	EndGlobalSection
	GlobalSection(ProjectConfigurationPlatforms) = postSolution
		{C6A4E289-6469-451F-891B-52CFFAC42BEC}.Debug|Any CPU.ActiveCfg = Debug|Any CPU
		{C6A4E289-6469-451F-891B-52CFFAC42BEC}.Debug|Any CPU.Build.0 = Debug|Any CPU
		{C6A4E289-6469-451F-891B-52CFFAC42BEC}.Release|Any CPU.ActiveCfg = Release|Any CPU
		{C6A4E289-6469-451F-891B-52CFFAC42BEC}.Release|Any CPU.Build.0 = Release|Any CPU
	EndGlobalSection
	GlobalSection(SolutionProperties) = preSolution
		HideSolutionNode = FALSE
	EndGlobalSection
	GlobalSection(ExtensibilityGlobals) = postSolution
		SolutionGuid = {2496797D-88B9-4CA7-B461-90E231CAE508}
	EndGlobalSection
EndGlobal
